
Microsoft Visual Studio Solution File, Format Version 12.00
# Visual Studio Version 17
VisualStudioVersion = 17.10.35013.160
MinimumVisualStudioVersion = 10.0.40219.1
Project("{2150E333-8FDC-42A3-9474-1A3956D46DE8}") = "src", "src", "{0D4D8D64-4471-4CBE-8310-16DB2ABFF5F4}"
EndProject
Project("{2150E333-8FDC-42A3-9474-1A3956D46DE8}") = "services", "services", "{354954EA-FBD7-4502-A86F-5047A989EE07}"
EndProject
Project("{2150E333-8FDC-42A3-9474-1A3956D46DE8}") = "UserService", "UserService", "{20E38C35-2272-48DC-8BA3-8A34F0EA18B2}"
EndProject
Project("{2150E333-8FDC-42A3-9474-1A3956D46DE8}") = "ChatService", "ChatService", "{7616CE1E-0C1C-4C90-87EC-CD97F2C1354A}"
EndProject
Project("{2150E333-8FDC-42A3-9474-1A3956D46DE8}") = "SocialService", "SocialService", "{373E526B-3E71-4C45-B588-0AE752A74AAC}"
EndProject
Project("{2150E333-8FDC-42A3-9474-1A3956D46DE8}") = "BlogService", "BlogService", "{5EA09DAE-4436-46DA-B847-7834DADAFBCC}"
EndProject
Project("{2150E333-8FDC-42A3-9474-1A3956D46DE8}") = "ToDoService", "ToDoService", "{AE297594-6BB9-4346-89FC-81E4A8FA0E86}"
EndProject
Project("{2150E333-8FDC-42A3-9474-1A3956D46DE8}") = "EventService", "EventService", "{B492505F-7251-4AC3-AEA6-D2B511018088}"
EndProject
Project("{9A19103F-16F7-4668-BE54-9A1E7A4F7556}") = "SocialGram.Chat.Domain", "src\services\ChatService\SocialGram.Chat.Domain\SocialGram.Chat.Domain.csproj", "{A2FCB707-66A2-418B-92D8-AD02486322EC}"
EndProject
Project("{FAE04EC0-301F-11D3-BF4B-00C04F79EFBC}") = "SocialGram.Chat.Infrastructure", "src\services\ChatService\SocialGram.Chat.Infrastructure\SocialGram.Chat.Infrastructure.csproj", "{CA1A4B99-10B5-4CDD-A542-322A67116017}"
EndProject
Project("{FAE04EC0-301F-11D3-BF4B-00C04F79EFBC}") = "SocialGram.Chat.WebApi", "src\services\ChatService\SocialGram.Chat.WebApi\SocialGram.Chat.WebApi.csproj", "{DCA3F64C-CAAE-44C9-A0CD-F543771D6803}"
EndProject
Project("{FAE04EC0-301F-11D3-BF4B-00C04F79EFBC}") = "SocialGram.Blog.Domain", "src\services\BlogService\SocialGram.Blog.Domain\SocialGram.Blog.Domain.csproj", "{CC1928C5-C866-4702-858A-25F5EB514AE3}"
EndProject
Project("{FAE04EC0-301F-11D3-BF4B-00C04F79EFBC}") = "SocialGram.Blog.Infrastructure", "src\services\BlogService\SocialGram.Blog.Infrastructure\SocialGram.Blog.Infrastructure.csproj", "{C7A40049-957E-4D1B-BA1A-68D7A29ED4CE}"
EndProject
Project("{FAE04EC0-301F-11D3-BF4B-00C04F79EFBC}") = "SocialGram.Blog.WebApi", "src\services\BlogService\SocialGram.Blog.WebApi\SocialGram.Blog.WebApi.csproj", "{C7AEDC7C-D705-4070-8C6D-D0E747D3F80D}"
EndProject
Project("{FAE04EC0-301F-11D3-BF4B-00C04F79EFBC}") = "SocialGram.Event.Domain", "src\services\EventService\SocialGram.Event.Domain\SocialGram.Event.Domain.csproj", "{903C0932-F27E-45B3-93A8-14D1619C0B67}"
EndProject
Project("{FAE04EC0-301F-11D3-BF4B-00C04F79EFBC}") = "SocialGram.Event.Infrastructure", "src\services\EventService\SocialGram.Event.Infrastructure\SocialGram.Event.Infrastructure.csproj", "{DB4CA5F8-9DCC-4097-B62A-5A3D8C32D872}"
EndProject
Project("{FAE04EC0-301F-11D3-BF4B-00C04F79EFBC}") = "SocialGram.Event.WebApi", "src\services\EventService\SocialGram.Event.WebApi\SocialGram.Event.WebApi.csproj", "{0B8D07CF-8B53-4FB8-A07A-B1CDFF382EBC}"
EndProject
Project("{FAE04EC0-301F-11D3-BF4B-00C04F79EFBC}") = "SocialGram.Social.Domain", "src\services\SocialService\SocialGram.Social.Domain\SocialGram.Social.Domain.csproj", "{8D0C3F2D-9DDB-4CD9-B86F-EFE2CF935075}"
EndProject
Project("{FAE04EC0-301F-11D3-BF4B-00C04F79EFBC}") = "SocialGram.Social.Infrastructure", "src\services\SocialService\SocialGram.Social.Infrastructure\SocialGram.Social.Infrastructure.csproj", "{6DA7B263-24CA-4657-BBC5-B18C8C2FACEA}"
EndProject
Project("{FAE04EC0-301F-11D3-BF4B-00C04F79EFBC}") = "SocialGram.Social.WebApi", "src\services\SocialService\SocialGram.Social.WebApi\SocialGram.Social.WebApi.csproj", "{91F0B54A-119C-47E7-A910-375F49BB750E}"
EndProject
Project("{FAE04EC0-301F-11D3-BF4B-00C04F79EFBC}") = "SocialGram.ToDo.Domain", "src\services\ToDoService\SocialGram.ToDo.Domain\SocialGram.ToDo.Domain.csproj", "{113421A4-59BA-43C8-A6F9-5B89953D717D}"
EndProject
Project("{FAE04EC0-301F-11D3-BF4B-00C04F79EFBC}") = "SocialGram.ToDo.Infrastructure", "src\services\ToDoService\SocialGram.ToDo.Infrastructure\SocialGram.ToDo.Infrastructure.csproj", "{D1394C76-8F49-4D38-A310-3E5702233823}"
EndProject
Project("{FAE04EC0-301F-11D3-BF4B-00C04F79EFBC}") = "SocialGram.ToDo.WebApi", "src\services\ToDoService\SocialGram.ToDo.WebApi\SocialGram.ToDo.WebApi.csproj", "{8F1478CE-18D0-401E-A685-C161BCDE1209}"
EndProject
Project("{FAE04EC0-301F-11D3-BF4B-00C04F79EFBC}") = "SocialGram.User.Domain", "src\services\UserService\SocialGram.User.Domain\SocialGram.User.Domain.csproj", "{795D2054-90F7-457C-99AD-37B75428A3EE}"
EndProject
Project("{FAE04EC0-301F-11D3-BF4B-00C04F79EFBC}") = "SocialGram.User.Infrastructure", "src\services\UserService\SocialGram.User.Infrastructure\SocialGram.User.Infrastructure.csproj", "{D635FEC2-0DB5-4B9A-A9D6-AF5A64A27D6C}"
EndProject
Project("{FAE04EC0-301F-11D3-BF4B-00C04F79EFBC}") = "SocialGram.User.WebApi", "src\services\UserService\SocialGram.User.WebApi\SocialGram.User.WebApi.csproj", "{F5E2573C-0896-41C7-99FC-9C51D2E07295}"
EndProject
Project("{2150E333-8FDC-42A3-9474-1A3956D46DE8}") = "geteway", "geteway", "{6043D665-12E8-494D-990E-FEB1FC730596}"
EndProject
Project("{FAE04EC0-301F-11D3-BF4B-00C04F79EFBC}") = "SocialGram.Geteway", "src\geteway\SocialGram.Geteway\SocialGram.Geteway.csproj", "{9A16A8ED-35A6-41F7-BBD0-4FF29C6CC458}"
EndProject
Project("{FAE04EC0-301F-11D3-BF4B-00C04F79EFBC}") = "SocialGram.Geteway.Securities", "src\geteway\SocialGram.Geteway.Securities\SocialGram.Geteway.Securities.csproj", "{365B8AAA-6D8D-4D5B-BFDC-847223DAC8A2}"
EndProject
Global
	GlobalSection(SolutionConfigurationPlatforms) = preSolution
		Debug|Any CPU = Debug|Any CPU
		Release|Any CPU = Release|Any CPU
	EndGlobalSection
	GlobalSection(ProjectConfigurationPlatforms) = postSolution
		{A2FCB707-66A2-418B-92D8-AD02486322EC}.Debug|Any CPU.ActiveCfg = Debug|Any CPU
		{A2FCB707-66A2-418B-92D8-AD02486322EC}.Debug|Any CPU.Build.0 = Debug|Any CPU
		{A2FCB707-66A2-418B-92D8-AD02486322EC}.Release|Any CPU.ActiveCfg = Release|Any CPU
		{A2FCB707-66A2-418B-92D8-AD02486322EC}.Release|Any CPU.Build.0 = Release|Any CPU
		{CA1A4B99-10B5-4CDD-A542-322A67116017}.Debug|Any CPU.ActiveCfg = Debug|Any CPU
		{CA1A4B99-10B5-4CDD-A542-322A67116017}.Debug|Any CPU.Build.0 = Debug|Any CPU
		{CA1A4B99-10B5-4CDD-A542-322A67116017}.Release|Any CPU.ActiveCfg = Release|Any CPU
		{CA1A4B99-10B5-4CDD-A542-322A67116017}.Release|Any CPU.Build.0 = Release|Any CPU
		{DCA3F64C-CAAE-44C9-A0CD-F543771D6803}.Debug|Any CPU.ActiveCfg = Debug|Any CPU
		{DCA3F64C-CAAE-44C9-A0CD-F543771D6803}.Debug|Any CPU.Build.0 = Debug|Any CPU
		{DCA3F64C-CAAE-44C9-A0CD-F543771D6803}.Release|Any CPU.ActiveCfg = Release|Any CPU
		{DCA3F64C-CAAE-44C9-A0CD-F543771D6803}.Release|Any CPU.Build.0 = Release|Any CPU
		{CC1928C5-C866-4702-858A-25F5EB514AE3}.Debug|Any CPU.ActiveCfg = Debug|Any CPU
		{CC1928C5-C866-4702-858A-25F5EB514AE3}.Debug|Any CPU.Build.0 = Debug|Any CPU
		{CC1928C5-C866-4702-858A-25F5EB514AE3}.Release|Any CPU.ActiveCfg = Release|Any CPU
		{CC1928C5-C866-4702-858A-25F5EB514AE3}.Release|Any CPU.Build.0 = Release|Any CPU
		{C7A40049-957E-4D1B-BA1A-68D7A29ED4CE}.Debug|Any CPU.ActiveCfg = Debug|Any CPU
		{C7A40049-957E-4D1B-BA1A-68D7A29ED4CE}.Debug|Any CPU.Build.0 = Debug|Any CPU
		{C7A40049-957E-4D1B-BA1A-68D7A29ED4CE}.Release|Any CPU.ActiveCfg = Release|Any CPU
		{C7A40049-957E-4D1B-BA1A-68D7A29ED4CE}.Release|Any CPU.Build.0 = Release|Any CPU
		{C7AEDC7C-D705-4070-8C6D-D0E747D3F80D}.Debug|Any CPU.ActiveCfg = Debug|Any CPU
		{C7AEDC7C-D705-4070-8C6D-D0E747D3F80D}.Debug|Any CPU.Build.0 = Debug|Any CPU
		{C7AEDC7C-D705-4070-8C6D-D0E747D3F80D}.Release|Any CPU.ActiveCfg = Release|Any CPU
		{C7AEDC7C-D705-4070-8C6D-D0E747D3F80D}.Release|Any CPU.Build.0 = Release|Any CPU
		{903C0932-F27E-45B3-93A8-14D1619C0B67}.Debug|Any CPU.ActiveCfg = Debug|Any CPU
		{903C0932-F27E-45B3-93A8-14D1619C0B67}.Debug|Any CPU.Build.0 = Debug|Any CPU
		{903C0932-F27E-45B3-93A8-14D1619C0B67}.Release|Any CPU.ActiveCfg = Release|Any CPU
		{903C0932-F27E-45B3-93A8-14D1619C0B67}.Release|Any CPU.Build.0 = Release|Any CPU
		{DB4CA5F8-9DCC-4097-B62A-5A3D8C32D872}.Debug|Any CPU.ActiveCfg = Debug|Any CPU
		{DB4CA5F8-9DCC-4097-B62A-5A3D8C32D872}.Debug|Any CPU.Build.0 = Debug|Any CPU
		{DB4CA5F8-9DCC-4097-B62A-5A3D8C32D872}.Release|Any CPU.ActiveCfg = Release|Any CPU
		{DB4CA5F8-9DCC-4097-B62A-5A3D8C32D872}.Release|Any CPU.Build.0 = Release|Any CPU
		{0B8D07CF-8B53-4FB8-A07A-B1CDFF382EBC}.Debug|Any CPU.ActiveCfg = Debug|Any CPU
		{0B8D07CF-8B53-4FB8-A07A-B1CDFF382EBC}.Debug|Any CPU.Build.0 = Debug|Any CPU
		{0B8D07CF-8B53-4FB8-A07A-B1CDFF382EBC}.Release|Any CPU.ActiveCfg = Release|Any CPU
		{0B8D07CF-8B53-4FB8-A07A-B1CDFF382EBC}.Release|Any CPU.Build.0 = Release|Any CPU
		{8D0C3F2D-9DDB-4CD9-B86F-EFE2CF935075}.Debug|Any CPU.ActiveCfg = Debug|Any CPU
		{8D0C3F2D-9DDB-4CD9-B86F-EFE2CF935075}.Debug|Any CPU.Build.0 = Debug|Any CPU
		{8D0C3F2D-9DDB-4CD9-B86F-EFE2CF935075}.Release|Any CPU.ActiveCfg = Release|Any CPU
		{8D0C3F2D-9DDB-4CD9-B86F-EFE2CF935075}.Release|Any CPU.Build.0 = Release|Any CPU
		{6DA7B263-24CA-4657-BBC5-B18C8C2FACEA}.Debug|Any CPU.ActiveCfg = Debug|Any CPU
		{6DA7B263-24CA-4657-BBC5-B18C8C2FACEA}.Debug|Any CPU.Build.0 = Debug|Any CPU
		{6DA7B263-24CA-4657-BBC5-B18C8C2FACEA}.Release|Any CPU.ActiveCfg = Release|Any CPU
		{6DA7B263-24CA-4657-BBC5-B18C8C2FACEA}.Release|Any CPU.Build.0 = Release|Any CPU
		{91F0B54A-119C-47E7-A910-375F49BB750E}.Debug|Any CPU.ActiveCfg = Debug|Any CPU
		{91F0B54A-119C-47E7-A910-375F49BB750E}.Debug|Any CPU.Build.0 = Debug|Any CPU
		{91F0B54A-119C-47E7-A910-375F49BB750E}.Release|Any CPU.ActiveCfg = Release|Any CPU
		{91F0B54A-119C-47E7-A910-375F49BB750E}.Release|Any CPU.Build.0 = Release|Any CPU
		{113421A4-59BA-43C8-A6F9-5B89953D717D}.Debug|Any CPU.ActiveCfg = Debug|Any CPU
		{113421A4-59BA-43C8-A6F9-5B89953D717D}.Debug|Any CPU.Build.0 = Debug|Any CPU
		{113421A4-59BA-43C8-A6F9-5B89953D717D}.Release|Any CPU.ActiveCfg = Release|Any CPU
		{113421A4-59BA-43C8-A6F9-5B89953D717D}.Release|Any CPU.Build.0 = Release|Any CPU
		{D1394C76-8F49-4D38-A310-3E5702233823}.Debug|Any CPU.ActiveCfg = Debug|Any CPU
		{D1394C76-8F49-4D38-A310-3E5702233823}.Debug|Any CPU.Build.0 = Debug|Any CPU
		{D1394C76-8F49-4D38-A310-3E5702233823}.Release|Any CPU.ActiveCfg = Release|Any CPU
		{D1394C76-8F49-4D38-A310-3E5702233823}.Release|Any CPU.Build.0 = Release|Any CPU
		{8F1478CE-18D0-401E-A685-C161BCDE1209}.Debug|Any CPU.ActiveCfg = Debug|Any CPU
		{8F1478CE-18D0-401E-A685-C161BCDE1209}.Debug|Any CPU.Build.0 = Debug|Any CPU
		{8F1478CE-18D0-401E-A685-C161BCDE1209}.Release|Any CPU.ActiveCfg = Release|Any CPU
		{8F1478CE-18D0-401E-A685-C161BCDE1209}.Release|Any CPU.Build.0 = Release|Any CPU
		{795D2054-90F7-457C-99AD-37B75428A3EE}.Debug|Any CPU.ActiveCfg = Debug|Any CPU
		{795D2054-90F7-457C-99AD-37B75428A3EE}.Debug|Any CPU.Build.0 = Debug|Any CPU
		{795D2054-90F7-457C-99AD-37B75428A3EE}.Release|Any CPU.ActiveCfg = Release|Any CPU
		{795D2054-90F7-457C-99AD-37B75428A3EE}.Release|Any CPU.Build.0 = Release|Any CPU
		{D635FEC2-0DB5-4B9A-A9D6-AF5A64A27D6C}.Debug|Any CPU.ActiveCfg = Debug|Any CPU
		{D635FEC2-0DB5-4B9A-A9D6-AF5A64A27D6C}.Debug|Any CPU.Build.0 = Debug|Any CPU
		{D635FEC2-0DB5-4B9A-A9D6-AF5A64A27D6C}.Release|Any CPU.ActiveCfg = Release|Any CPU
		{D635FEC2-0DB5-4B9A-A9D6-AF5A64A27D6C}.Release|Any CPU.Build.0 = Release|Any CPU
		{F5E2573C-0896-41C7-99FC-9C51D2E07295}.Debug|Any CPU.ActiveCfg = Debug|Any CPU
		{F5E2573C-0896-41C7-99FC-9C51D2E07295}.Debug|Any CPU.Build.0 = Debug|Any CPU
		{F5E2573C-0896-41C7-99FC-9C51D2E07295}.Release|Any CPU.ActiveCfg = Release|Any CPU
		{F5E2573C-0896-41C7-99FC-9C51D2E07295}.Release|Any CPU.Build.0 = Release|Any CPU
		{9A16A8ED-35A6-41F7-BBD0-4FF29C6CC458}.Debug|Any CPU.ActiveCfg = Debug|Any CPU
		{9A16A8ED-35A6-41F7-BBD0-4FF29C6CC458}.Debug|Any CPU.Build.0 = Debug|Any CPU
		{9A16A8ED-35A6-41F7-BBD0-4FF29C6CC458}.Release|Any CPU.ActiveCfg = Release|Any CPU
		{9A16A8ED-35A6-41F7-BBD0-4FF29C6CC458}.Release|Any CPU.Build.0 = Release|Any CPU
		{365B8AAA-6D8D-4D5B-BFDC-847223DAC8A2}.Debug|Any CPU.ActiveCfg = Debug|Any CPU
		{365B8AAA-6D8D-4D5B-BFDC-847223DAC8A2}.Debug|Any CPU.Build.0 = Debug|Any CPU
		{365B8AAA-6D8D-4D5B-BFDC-847223DAC8A2}.Release|Any CPU.ActiveCfg = Release|Any CPU
		{365B8AAA-6D8D-4D5B-BFDC-847223DAC8A2}.Release|Any CPU.Build.0 = Release|Any CPU
	EndGlobalSection
	GlobalSection(SolutionProperties) = preSolution
		HideSolutionNode = FALSE
	EndGlobalSection
	GlobalSection(NestedProjects) = preSolution
		{354954EA-FBD7-4502-A86F-5047A989EE07} = {0D4D8D64-4471-4CBE-8310-16DB2ABFF5F4}
		{20E38C35-2272-48DC-8BA3-8A34F0EA18B2} = {354954EA-FBD7-4502-A86F-5047A989EE07}
		{7616CE1E-0C1C-4C90-87EC-CD97F2C1354A} = {354954EA-FBD7-4502-A86F-5047A989EE07}
		{373E526B-3E71-4C45-B588-0AE752A74AAC} = {354954EA-FBD7-4502-A86F-5047A989EE07}
		{5EA09DAE-4436-46DA-B847-7834DADAFBCC} = {354954EA-FBD7-4502-A86F-5047A989EE07}
		{AE297594-6BB9-4346-89FC-81E4A8FA0E86} = {354954EA-FBD7-4502-A86F-5047A989EE07}
		{B492505F-7251-4AC3-AEA6-D2B511018088} = {354954EA-FBD7-4502-A86F-5047A989EE07}
		{A2FCB707-66A2-418B-92D8-AD02486322EC} = {7616CE1E-0C1C-4C90-87EC-CD97F2C1354A}
		{CA1A4B99-10B5-4CDD-A542-322A67116017} = {7616CE1E-0C1C-4C90-87EC-CD97F2C1354A}
		{DCA3F64C-CAAE-44C9-A0CD-F543771D6803} = {7616CE1E-0C1C-4C90-87EC-CD97F2C1354A}
		{CC1928C5-C866-4702-858A-25F5EB514AE3} = {5EA09DAE-4436-46DA-B847-7834DADAFBCC}
		{C7A40049-957E-4D1B-BA1A-68D7A29ED4CE} = {5EA09DAE-4436-46DA-B847-7834DADAFBCC}
		{C7AEDC7C-D705-4070-8C6D-D0E747D3F80D} = {5EA09DAE-4436-46DA-B847-7834DADAFBCC}
		{903C0932-F27E-45B3-93A8-14D1619C0B67} = {B492505F-7251-4AC3-AEA6-D2B511018088}
		{DB4CA5F8-9DCC-4097-B62A-5A3D8C32D872} = {B492505F-7251-4AC3-AEA6-D2B511018088}
		{0B8D07CF-8B53-4FB8-A07A-B1CDFF382EBC} = {B492505F-7251-4AC3-AEA6-D2B511018088}
		{8D0C3F2D-9DDB-4CD9-B86F-EFE2CF935075} = {373E526B-3E71-4C45-B588-0AE752A74AAC}
		{6DA7B263-24CA-4657-BBC5-B18C8C2FACEA} = {373E526B-3E71-4C45-B588-0AE752A74AAC}
		{91F0B54A-119C-47E7-A910-375F49BB750E} = {373E526B-3E71-4C45-B588-0AE752A74AAC}
		{113421A4-59BA-43C8-A6F9-5B89953D717D} = {AE297594-6BB9-4346-89FC-81E4A8FA0E86}
		{D1394C76-8F49-4D38-A310-3E5702233823} = {AE297594-6BB9-4346-89FC-81E4A8FA0E86}
		{8F1478CE-18D0-401E-A685-C161BCDE1209} = {AE297594-6BB9-4346-89FC-81E4A8FA0E86}
		{795D2054-90F7-457C-99AD-37B75428A3EE} = {20E38C35-2272-48DC-8BA3-8A34F0EA18B2}
		{D635FEC2-0DB5-4B9A-A9D6-AF5A64A27D6C} = {20E38C35-2272-48DC-8BA3-8A34F0EA18B2}
		{F5E2573C-0896-41C7-99FC-9C51D2E07295} = {20E38C35-2272-48DC-8BA3-8A34F0EA18B2}
		{6043D665-12E8-494D-990E-FEB1FC730596} = {0D4D8D64-4471-4CBE-8310-16DB2ABFF5F4}
		{9A16A8ED-35A6-41F7-BBD0-4FF29C6CC458} = {6043D665-12E8-494D-990E-FEB1FC730596}
		{365B8AAA-6D8D-4D5B-BFDC-847223DAC8A2} = {6043D665-12E8-494D-990E-FEB1FC730596}
	EndGlobalSection
	GlobalSection(ExtensibilityGlobals) = postSolution
		SolutionGuid = {AF8F4A8F-191B-4312-97A0-36E6CAC703B0}
	EndGlobalSection
EndGlobal
